
Microsoft Visual Studio Solution File, Format Version 12.00
# Visual Studio Version 16
VisualStudioVersion = 16.0.30330.147
MinimumVisualStudioVersion = 10.0.40219.1
Project("{FAE04EC0-301F-11D3-BF4B-00C04F79EFBC}") = "lucasvieiravicentenetcore", "lucasvieiravicentenetcore\lucasvieiravicentenetcore.csproj", "{44A2FDD6-1440-40F0-9BE9-E247357A4FED}"
EndProject
Global
	GlobalSection(SolutionConfigurationPlatforms) = preSolution
		Debug|Any CPU = Debug|Any CPU
		Release|Any CPU = Release|Any CPU
	EndGlobalSection
	GlobalSection(ProjectConfigurationPlatforms) = postSolution
		{44A2FDD6-1440-40F0-9BE9-E247357A4FED}.Debug|Any CPU.ActiveCfg = Debug|Any CPU
		{44A2FDD6-1440-40F0-9BE9-E247357A4FED}.Debug|Any CPU.Build.0 = Debug|Any CPU
		{44A2FDD6-1440-40F0-9BE9-E247357A4FED}.Release|Any CPU.ActiveCfg = Release|Any CPU
		{44A2FDD6-1440-40F0-9BE9-E247357A4FED}.Release|Any CPU.Build.0 = Release|Any CPU
	EndGlobalSection
	GlobalSection(SolutionProperties) = preSolution
		HideSolutionNode = FALSE
	EndGlobalSection
	GlobalSection(ExtensibilityGlobals) = postSolution
		SolutionGuid = {8EC51933-8146-435F-9DBB-ACB5071723B8}
	EndGlobalSection
EndGlobal
